
Microsoft Visual Studio Solution File, Format Version 12.00
# Visual Studio Version 17
VisualStudioVersion = 17.2.32516.85
MinimumVisualStudioVersion = 10.0.40219.1
Project("{9A19103F-16F7-4668-BE54-9A1E7A4F7556}") = "SqrtLambda", "SqrtLambda\SqrtLambda.csproj", "{4432F3D2-044F-4383-8230-0E4D9F76C29E}"
EndProject
Project("{9A19103F-16F7-4668-BE54-9A1E7A4F7556}") = "SquareLambda", "SquareLambda\SquareLambda.csproj", "{FED7E7E2-A8DD-4BEB-AD21-6EC17627FE23}"
EndProject
Global
	GlobalSection(SolutionConfigurationPlatforms) = preSolution
		Debug|Any CPU = Debug|Any CPU
		Release|Any CPU = Release|Any CPU
	EndGlobalSection
	GlobalSection(ProjectConfigurationPlatforms) = postSolution
		{4432F3D2-044F-4383-8230-0E4D9F76C29E}.Debug|Any CPU.ActiveCfg = Debug|Any CPU
		{4432F3D2-044F-4383-8230-0E4D9F76C29E}.Debug|Any CPU.Build.0 = Debug|Any CPU
		{4432F3D2-044F-4383-8230-0E4D9F76C29E}.Release|Any CPU.ActiveCfg = Release|Any CPU
		{4432F3D2-044F-4383-8230-0E4D9F76C29E}.Release|Any CPU.Build.0 = Release|Any CPU
		{FED7E7E2-A8DD-4BEB-AD21-6EC17627FE23}.Debug|Any CPU.ActiveCfg = Debug|Any CPU
		{FED7E7E2-A8DD-4BEB-AD21-6EC17627FE23}.Debug|Any CPU.Build.0 = Debug|Any CPU
		{FED7E7E2-A8DD-4BEB-AD21-6EC17627FE23}.Release|Any CPU.ActiveCfg = Release|Any CPU
		{FED7E7E2-A8DD-4BEB-AD21-6EC17627FE23}.Release|Any CPU.Build.0 = Release|Any CPU
	EndGlobalSection
	GlobalSection(SolutionProperties) = preSolution
		HideSolutionNode = FALSE
	EndGlobalSection
	GlobalSection(ExtensibilityGlobals) = postSolution
		SolutionGuid = {FDC4A4EC-19F7-47A7-A249-4E0F11D048FE}
	EndGlobalSection
EndGlobal
